
Microsoft Visual Studio Solution File, Format Version 12.00
# Visual Studio Version 16
VisualStudioVersion = 16.0.29709.97
MinimumVisualStudioVersion = 10.0.40219.1
Project("{FAE04EC0-301F-11D3-BF4B-00C04F79EFBC}") = "WebApplication1", "WebApplication1\WebApplication1.csproj", "{8D510A32-0E2E-4E1E-8AAA-226EE5EBE22E}"
EndProject
Project("{FAE04EC0-301F-11D3-BF4B-00C04F79EFBC}") = "FutureAPIv1", "FutureAPIv1\FutureAPIv1.csproj", "{B4F34BA6-8522-4D4A-9974-E86831155CC6}"
EndProject
Project("{FAE04EC0-301F-11D3-BF4B-00C04F79EFBC}") = "XMLReader", "XMLReader\XMLReader.csproj", "{4515A914-BA59-4DDC-9501-8E0A9DC56673}"
EndProject
Global
	GlobalSection(SolutionConfigurationPlatforms) = preSolution
		Debug|Any CPU = Debug|Any CPU
		Release|Any CPU = Release|Any CPU
	EndGlobalSection
	GlobalSection(ProjectConfigurationPlatforms) = postSolution
		{8D510A32-0E2E-4E1E-8AAA-226EE5EBE22E}.Debug|Any CPU.ActiveCfg = Debug|Any CPU
		{8D510A32-0E2E-4E1E-8AAA-226EE5EBE22E}.Debug|Any CPU.Build.0 = Debug|Any CPU
		{8D510A32-0E2E-4E1E-8AAA-226EE5EBE22E}.Release|Any CPU.ActiveCfg = Release|Any CPU
		{8D510A32-0E2E-4E1E-8AAA-226EE5EBE22E}.Release|Any CPU.Build.0 = Release|Any CPU
		{B4F34BA6-8522-4D4A-9974-E86831155CC6}.Debug|Any CPU.ActiveCfg = Debug|Any CPU
		{B4F34BA6-8522-4D4A-9974-E86831155CC6}.Debug|Any CPU.Build.0 = Debug|Any CPU
		{B4F34BA6-8522-4D4A-9974-E86831155CC6}.Release|Any CPU.ActiveCfg = Release|Any CPU
		{B4F34BA6-8522-4D4A-9974-E86831155CC6}.Release|Any CPU.Build.0 = Release|Any CPU
		{4515A914-BA59-4DDC-9501-8E0A9DC56673}.Debug|Any CPU.ActiveCfg = Debug|Any CPU
		{4515A914-BA59-4DDC-9501-8E0A9DC56673}.Debug|Any CPU.Build.0 = Debug|Any CPU
		{4515A914-BA59-4DDC-9501-8E0A9DC56673}.Release|Any CPU.ActiveCfg = Release|Any CPU
		{4515A914-BA59-4DDC-9501-8E0A9DC56673}.Release|Any CPU.Build.0 = Release|Any CPU
	EndGlobalSection
	GlobalSection(SolutionProperties) = preSolution
		HideSolutionNode = FALSE
	EndGlobalSection
	GlobalSection(ExtensibilityGlobals) = postSolution
		SolutionGuid = {6F18BD3C-6777-4709-9077-FC8BE710432B}
	EndGlobalSection
EndGlobal
